
Microsoft Visual Studio Solution File, Format Version 12.00
# Visual Studio Version 16
VisualStudioVersion = 16.0.29324.140
MinimumVisualStudioVersion = 10.0.40219.1
Project("{FAE04EC0-301F-11D3-BF4B-00C04F79EFBC}") = "DatabaseCommon", "DatabaseCommon\DatabaseCommon.csproj", "{D2DF8613-E0B8-46C8-A1E2-FFF3C21861D8}"
EndProject
Project("{FAE04EC0-301F-11D3-BF4B-00C04F79EFBC}") = "BookStoreManagement", "BookStoreManagement\BookStoreManagement.csproj", "{D4AD4CF1-8163-4671-ADBB-ECA441D730EB}"
EndProject
Project("{FAE04EC0-301F-11D3-BF4B-00C04F79EFBC}") = "CommonLibrary", "CommonLibrary\CommonLibrary.csproj", "{2EC6BCE7-49A6-4EC1-B6A9-FFBF79AB4330}"
EndProject
Project("{FAE04EC0-301F-11D3-BF4B-00C04F79EFBC}") = "Migration", "Migration\Migration.csproj", "{39F0419D-3B48-4332-801E-498300D891D4}"
EndProject
Global
	GlobalSection(SolutionConfigurationPlatforms) = preSolution
		Debug|Any CPU = Debug|Any CPU
		Release|Any CPU = Release|Any CPU
	EndGlobalSection
	GlobalSection(ProjectConfigurationPlatforms) = postSolution
		{D2DF8613-E0B8-46C8-A1E2-FFF3C21861D8}.Debug|Any CPU.ActiveCfg = Debug|Any CPU
		{D2DF8613-E0B8-46C8-A1E2-FFF3C21861D8}.Debug|Any CPU.Build.0 = Debug|Any CPU
		{D2DF8613-E0B8-46C8-A1E2-FFF3C21861D8}.Release|Any CPU.ActiveCfg = Release|Any CPU
		{D2DF8613-E0B8-46C8-A1E2-FFF3C21861D8}.Release|Any CPU.Build.0 = Release|Any CPU
		{D4AD4CF1-8163-4671-ADBB-ECA441D730EB}.Debug|Any CPU.ActiveCfg = Debug|Any CPU
		{D4AD4CF1-8163-4671-ADBB-ECA441D730EB}.Debug|Any CPU.Build.0 = Debug|Any CPU
		{D4AD4CF1-8163-4671-ADBB-ECA441D730EB}.Release|Any CPU.ActiveCfg = Release|Any CPU
		{D4AD4CF1-8163-4671-ADBB-ECA441D730EB}.Release|Any CPU.Build.0 = Release|Any CPU
		{2EC6BCE7-49A6-4EC1-B6A9-FFBF79AB4330}.Debug|Any CPU.ActiveCfg = Debug|Any CPU
		{2EC6BCE7-49A6-4EC1-B6A9-FFBF79AB4330}.Debug|Any CPU.Build.0 = Debug|Any CPU
		{2EC6BCE7-49A6-4EC1-B6A9-FFBF79AB4330}.Release|Any CPU.ActiveCfg = Release|Any CPU
		{2EC6BCE7-49A6-4EC1-B6A9-FFBF79AB4330}.Release|Any CPU.Build.0 = Release|Any CPU
		{39F0419D-3B48-4332-801E-498300D891D4}.Debug|Any CPU.ActiveCfg = Debug|Any CPU
		{39F0419D-3B48-4332-801E-498300D891D4}.Debug|Any CPU.Build.0 = Debug|Any CPU
		{39F0419D-3B48-4332-801E-498300D891D4}.Release|Any CPU.ActiveCfg = Release|Any CPU
		{39F0419D-3B48-4332-801E-498300D891D4}.Release|Any CPU.Build.0 = Release|Any CPU
	EndGlobalSection
	GlobalSection(SolutionProperties) = preSolution
		HideSolutionNode = FALSE
	EndGlobalSection
	GlobalSection(ExtensibilityGlobals) = postSolution
		SolutionGuid = {13983F69-AAAF-4DA8-BA67-0EF1603366F3}
	EndGlobalSection
EndGlobal
